
Microsoft Visual Studio Solution File, Format Version 12.00
# Visual Studio Version 17
VisualStudioVersion = 17.4.33122.133
MinimumVisualStudioVersion = 10.0.40219.1
Project("{FAE04EC0-301F-11D3-BF4B-00C04F79EFBC}") = "MultiThreading_ConsoleApp", "MultiThreading_ConsoleApp\MultiThreading_ConsoleApp.csproj", "{1664059C-328B-4562-A57E-1ADEA1AE6397}"
EndProject
Global
	GlobalSection(SolutionConfigurationPlatforms) = preSolution
		Debug|Any CPU = Debug|Any CPU
		Release|Any CPU = Release|Any CPU
	EndGlobalSection
	GlobalSection(ProjectConfigurationPlatforms) = postSolution
		{1664059C-328B-4562-A57E-1ADEA1AE6397}.Debug|Any CPU.ActiveCfg = Debug|Any CPU
		{1664059C-328B-4562-A57E-1ADEA1AE6397}.Debug|Any CPU.Build.0 = Debug|Any CPU
		{1664059C-328B-4562-A57E-1ADEA1AE6397}.Release|Any CPU.ActiveCfg = Release|Any CPU
		{1664059C-328B-4562-A57E-1ADEA1AE6397}.Release|Any CPU.Build.0 = Release|Any CPU
	EndGlobalSection
	GlobalSection(SolutionProperties) = preSolution
		HideSolutionNode = FALSE
	EndGlobalSection
	GlobalSection(ExtensibilityGlobals) = postSolution
		SolutionGuid = {63F0EA29-0E97-4927-A64F-B2BC0828A2EB}
	EndGlobalSection
EndGlobal
